// !$*UTF8*$!
{
	archiveVersion = 1;
	classes = {
	};
	objectVersion = 46;
	objects = {

/* Begin PBXBuildFile section */
		182BE6631DED554900AD6075 /* AppDelegate.swift in Sources */ = {isa = PBXBuildFile; fileRef = 182BE6621DED554900AD6075 /* AppDelegate.swift */; };
		182BE6681DED554900AD6075 /* Main.storyboard in Resources */ = {isa = PBXBuildFile; fileRef = 182BE6661DED554900AD6075 /* Main.storyboard */; };
		182BE66A1DED554900AD6075 /* Assets.xcassets in Resources */ = {isa = PBXBuildFile; fileRef = 182BE6691DED554900AD6075 /* Assets.xcassets */; };
		182BE66D1DED554900AD6075 /* LaunchScreen.storyboard in Resources */ = {isa = PBXBuildFile; fileRef = 182BE66B1DED554900AD6075 /* LaunchScreen.storyboard */; };
		182BE6781DED554900AD6075 /* DouYuZBTests.swift in Sources */ = {isa = PBXBuildFile; fileRef = 182BE6771DED554900AD6075 /* DouYuZBTests.swift */; };
		182BE6831DED554900AD6075 /* DouYuZBUITests.swift in Sources */ = {isa = PBXBuildFile; fileRef = 182BE6821DED554900AD6075 /* DouYuZBUITests.swift */; };
		182BE69C1DED726200AD6075 /* Home.storyboard in Resources */ = {isa = PBXBuildFile; fileRef = 182BE69A1DED726200AD6075 /* Home.storyboard */; };
		182BE69F1DED72D600AD6075 /* Live.storyboard in Resources */ = {isa = PBXBuildFile; fileRef = 182BE69D1DED72D600AD6075 /* Live.storyboard */; };
		182BE6A21DED72F000AD6075 /* Follow.storyboard in Resources */ = {isa = PBXBuildFile; fileRef = 182BE6A01DED72F000AD6075 /* Follow.storyboard */; };
		182BE6A51DED730E00AD6075 /* My.storyboard in Resources */ = {isa = PBXBuildFile; fileRef = 182BE6A31DED730E00AD6075 /* My.storyboard */; };
		182BE6A71DED744200AD6075 /* MainViewController.swift in Sources */ = {isa = PBXBuildFile; fileRef = 182BE6A61DED744200AD6075 /* MainViewController.swift */; };
/* End PBXBuildFile section */

/* Begin PBXContainerItemProxy section */
		182BE6741DED554900AD6075 /* PBXContainerItemProxy */ = {
			isa = PBXContainerItemProxy;
			containerPortal = 182BE6571DED554800AD6075 /* Project object */;
			proxyType = 1;
			remoteGlobalIDString = 182BE65E1DED554900AD6075;
			remoteInfo = DouYuZB;
		};
		182BE67F1DED554900AD6075 /* PBXContainerItemProxy */ = {
			isa = PBXContainerItemProxy;
			containerPortal = 182BE6571DED554800AD6075 /* Project object */;
			proxyType = 1;
			remoteGlobalIDString = 182BE65E1DED554900AD6075;
			remoteInfo = DouYuZB;
		};
/* End PBXContainerItemProxy section */

/* Begin PBXFileReference section */
		182BE65F1DED554900AD6075 /* DouYuZB.app */ = {isa = PBXFileReference; explicitFileType = wrapper.application; includeInIndex = 0; path = DouYuZB.app; sourceTree = BUILT_PRODUCTS_DIR; };
		182BE6621DED554900AD6075 /* AppDelegate.swift */ = {isa = PBXFileReference; lastKnownFileType = sourcecode.swift; path = AppDelegate.swift; sourceTree = "<group>"; };
		182BE6671DED554900AD6075 /* Base */ = {isa = PBXFileReference; lastKnownFileType = file.storyboard; name = Base; path = Base.lproj/Main.storyboard; sourceTree = "<group>"; };
		182BE6691DED554900AD6075 /* Assets.xcassets */ = {isa = PBXFileReference; lastKnownFileType = folder.assetcatalog; path = Assets.xcassets; sourceTree = "<group>"; };
		182BE66C1DED554900AD6075 /* Base */ = {isa = PBXFileReference; lastKnownFileType = file.storyboard; name = Base; path = Base.lproj/LaunchScreen.storyboard; sourceTree = "<group>"; };
		182BE66E1DED554900AD6075 /* Info.plist */ = {isa = PBXFileReference; lastKnownFileType = text.plist.xml; path = Info.plist; sourceTree = "<group>"; };
		182BE6731DED554900AD6075 /* DouYuZBTests.xctest */ = {isa = PBXFileReference; explicitFileType = wrapper.cfbundle; includeInIndex = 0; path = DouYuZBTests.xctest; sourceTree = BUILT_PRODUCTS_DIR; };
		182BE6771DED554900AD6075 /* DouYuZBTests.swift */ = {isa = PBXFileReference; lastKnownFileType = sourcecode.swift; path = DouYuZBTests.swift; sourceTree = "<group>"; };
		182BE6791DED554900AD6075 /* Info.plist */ = {isa = PBXFileReference; lastKnownFileType = text.plist.xml; path = Info.plist; sourceTree = "<group>"; };
		182BE67E1DED554900AD6075 /* DouYuZBUITests.xctest */ = {isa = PBXFileReference; explicitFileType = wrapper.cfbundle; includeInIndex = 0; path = DouYuZBUITests.xctest; sourceTree = BUILT_PRODUCTS_DIR; };
		182BE6821DED554900AD6075 /* DouYuZBUITests.swift */ = {isa = PBXFileReference; lastKnownFileType = sourcecode.swift; path = DouYuZBUITests.swift; sourceTree = "<group>"; };
		182BE6841DED554900AD6075 /* Info.plist */ = {isa = PBXFileReference; lastKnownFileType = text.plist.xml; path = Info.plist; sourceTree = "<group>"; };
		182BE69B1DED726200AD6075 /* Base */ = {isa = PBXFileReference; lastKnownFileType = file.storyboard; name = Base; path = DouYuZB/Base.lproj/Home.storyboard; sourceTree = SOURCE_ROOT; };
		182BE69E1DED72D600AD6075 /* Base */ = {isa = PBXFileReference; lastKnownFileType = file.storyboard; name = Base; path = DouYuZB/Base.lproj/Live.storyboard; sourceTree = SOURCE_ROOT; };
		182BE6A11DED72F000AD6075 /* Base */ = {isa = PBXFileReference; lastKnownFileType = file.storyboard; name = Base; path = DouYuZB/Base.lproj/Follow.storyboard; sourceTree = SOURCE_ROOT; };
		182BE6A41DED730E00AD6075 /* Base */ = {isa = PBXFileReference; lastKnownFileType = file.storyboard; name = Base; path = DouYuZB/Base.lproj/My.storyboard; sourceTree = SOURCE_ROOT; };
		182BE6A61DED744200AD6075 /* MainViewController.swift */ = {isa = PBXFileReference; fileEncoding = 4; lastKnownFileType = sourcecode.swift; path = MainViewController.swift; sourceTree = "<group>"; };
/* End PBXFileReference section */

/* Begin PBXFrameworksBuildPhase section */
		182BE65C1DED554900AD6075 /* Frameworks */ = {
			isa = PBXFrameworksBuildPhase;
			buildActionMask = 2147483647;
			files = (
			);
			runOnlyForDeploymentPostprocessing = 0;
		};
		182BE6701DED554900AD6075 /* Frameworks */ = {
			isa = PBXFrameworksBuildPhase;
			buildActionMask = 2147483647;
			files = (
			);
			runOnlyForDeploymentPostprocessing = 0;
		};
		182BE67B1DED554900AD6075 /* Frameworks */ = {
			isa = PBXFrameworksBuildPhase;
			buildActionMask = 2147483647;
			files = (
			);
			runOnlyForDeploymentPostprocessing = 0;
		};
/* End PBXFrameworksBuildPhase section */

/* Begin PBXGroup section */
		182BE6561DED554800AD6075 = {
			isa = PBXGroup;
			children = (
				182BE6611DED554900AD6075 /* DouYuZB */,
				182BE6761DED554900AD6075 /* DouYuZBTests */,
				182BE6811DED554900AD6075 /* DouYuZBUITests */,
				182BE6601DED554900AD6075 /* Products */,
			);
			sourceTree = "<group>";
		};
		182BE6601DED554900AD6075 /* Products */ = {
			isa = PBXGroup;
			children = (
				182BE65F1DED554900AD6075 /* DouYuZB.app */,
				182BE6731DED554900AD6075 /* DouYuZBTests.xctest */,
				182BE67E1DED554900AD6075 /* DouYuZBUITests.xctest */,
			);
			name = Products;
			sourceTree = "<group>";
		};
		182BE6611DED554900AD6075 /* DouYuZB */ = {
			isa = PBXGroup;
			children = (
				182BE6901DED62BF00AD6075 /* Classes */,
				182BE6621DED554900AD6075 /* AppDelegate.swift */,
				182BE6691DED554900AD6075 /* Assets.xcassets */,
				182BE66B1DED554900AD6075 /* LaunchScreen.storyboard */,
				182BE66E1DED554900AD6075 /* Info.plist */,
			);
			path = DouYuZB;
			sourceTree = "<group>";
		};
		182BE6761DED554900AD6075 /* DouYuZBTests */ = {
			isa = PBXGroup;
			children = (
				182BE6771DED554900AD6075 /* DouYuZBTests.swift */,
				182BE6791DED554900AD6075 /* Info.plist */,
			);
			path = DouYuZBTests;
			sourceTree = "<group>";
		};
		182BE6811DED554900AD6075 /* DouYuZBUITests */ = {
			isa = PBXGroup;
			children = (
				182BE6821DED554900AD6075 /* DouYuZBUITests.swift */,
				182BE6841DED554900AD6075 /* Info.plist */,
			);
			path = DouYuZBUITests;
			sourceTree = "<group>";
		};
		182BE6901DED62BF00AD6075 /* Classes */ = {
			isa = PBXGroup;
			children = (
				182BE6961DED62BF00AD6075 /* Tools */,
				182BE6941DED62BF00AD6075 /* Main */,
				182BE6931DED62BF00AD6075 /* Live */,
				182BE6911DED62BF00AD6075 /* Follow */,
				182BE6951DED62BF00AD6075 /* Profile */,
				182BE6921DED62BF00AD6075 /* Home */,
			);
			path = Classes;
			sourceTree = "<group>";
		};
		182BE6911DED62BF00AD6075 /* Follow */ = {
			isa = PBXGroup;
			children = (
				182BE6A01DED72F000AD6075 /* Follow.storyboard */,
			);
			path = Follow;
			sourceTree = "<group>";
		};
		182BE6921DED62BF00AD6075 /* Home */ = {
			isa = PBXGroup;
			children = (
				182BE69A1DED726200AD6075 /* Home.storyboard */,
			);
			path = Home;
			sourceTree = "<group>";
		};
		182BE6931DED62BF00AD6075 /* Live */ = {
			isa = PBXGroup;
			children = (
				182BE69D1DED72D600AD6075 /* Live.storyboard */,
			);
			path = Live;
			sourceTree = "<group>";
		};
		182BE6941DED62BF00AD6075 /* Main */ = {
			isa = PBXGroup;
			children = (
				182BE6661DED554900AD6075 /* Main.storyboard */,
				182BE6A61DED744200AD6075 /* MainViewController.swift */,
			);
			path = Main;
			sourceTree = "<group>";
		};
		182BE6951DED62BF00AD6075 /* Profile */ = {
			isa = PBXGroup;
			children = (
				182BE6A31DED730E00AD6075 /* My.storyboard */,
			);
			path = Profile;
			sourceTree = "<group>";
		};
		182BE6961DED62BF00AD6075 /* Tools */ = {
			isa = PBXGroup;
			children = (
			);
			path = Tools;
			sourceTree = "<group>";
		};
/* End PBXGroup section */

/* Begin PBXNativeTarget section */
		182BE65E1DED554900AD6075 /* DouYuZB */ = {
			isa = PBXNativeTarget;
			buildConfigurationList = 182BE6871DED554900AD6075 /* Build configuration list for PBXNativeTarget "DouYuZB" */;
			buildPhases = (
				182BE65B1DED554900AD6075 /* Sources */,
				182BE65C1DED554900AD6075 /* Frameworks */,
				182BE65D1DED554900AD6075 /* Resources */,
			);
			buildRules = (
			);
			dependencies = (
			);
			name = DouYuZB;
			productName = DouYuZB;
			productReference = 182BE65F1DED554900AD6075 /* DouYuZB.app */;
			productType = "com.apple.product-type.application";
		};
		182BE6721DED554900AD6075 /* DouYuZBTests */ = {
			isa = PBXNativeTarget;
			buildConfigurationList = 182BE68A1DED554900AD6075 /* Build configuration list for PBXNativeTarget "DouYuZBTests" */;
			buildPhases = (
				182BE66F1DED554900AD6075 /* Sources */,
				182BE6701DED554900AD6075 /* Frameworks */,
				182BE6711DED554900AD6075 /* Resources */,
			);
			buildRules = (
			);
			dependencies = (
				182BE6751DED554900AD6075 /* PBXTargetDependency */,
			);
			name = DouYuZBTests;
			productName = DouYuZBTests;
			productReference = 182BE6731DED554900AD6075 /* DouYuZBTests.xctest */;
			productType = "com.apple.product-type.bundle.unit-test";
		};
		182BE67D1DED554900AD6075 /* DouYuZBUITests */ = {
			isa = PBXNativeTarget;
			buildConfigurationList = 182BE68D1DED554900AD6075 /* Build configuration list for PBXNativeTarget "DouYuZBUITests" */;
			buildPhases = (
				182BE67A1DED554900AD6075 /* Sources */,
				182BE67B1DED554900AD6075 /* Frameworks */,
				182BE67C1DED554900AD6075 /* Resources */,
			);
			buildRules = (
			);
			dependencies = (
				182BE6801DED554900AD6075 /* PBXTargetDependency */,
			);
			name = DouYuZBUITests;
			productName = DouYuZBUITests;
			productReference = 182BE67E1DED554900AD6075 /* DouYuZBUITests.xctest */;
			productType = "com.apple.product-type.bundle.ui-testing";
		};
/* End PBXNativeTarget section */

/* Begin PBXProject section */
		182BE6571DED554800AD6075 /* Project object */ = {
			isa = PBXProject;
			attributes = {
				LastSwiftUpdateCheck = 0810;
				LastUpgradeCheck = 0810;
				ORGANIZATIONNAME = apple;
				TargetAttributes = {
					182BE65E1DED554900AD6075 = {
						CreatedOnToolsVersion = 8.1;
						DevelopmentTeam = B4W3K95927;
						ProvisioningStyle = Automatic;
					};
					182BE6721DED554900AD6075 = {
						CreatedOnToolsVersion = 8.1;
						DevelopmentTeam = B4W3K95927;
						ProvisioningStyle = Automatic;
						TestTargetID = 182BE65E1DED554900AD6075;
					};
					182BE67D1DED554900AD6075 = {
						CreatedOnToolsVersion = 8.1;
						DevelopmentTeam = B4W3K95927;
						ProvisioningStyle = Automatic;
						TestTargetID = 182BE65E1DED554900AD6075;
					};
				};
			};
			buildConfigurationList = 182BE65A1DED554900AD6075 /* Build configuration list for PBXProject "DouYuZB" */;
			compatibilityVersion = "Xcode 3.2";
			developmentRegion = English;
			hasScannedForEncodings = 0;
			knownRegions = (
				en,
				Base,
			);
			mainGroup = 182BE6561DED554800AD6075;
			productRefGroup = 182BE6601DED554900AD6075 /* Products */;
			projectDirPath = "";
			projectRoot = "";
			targets = (
				182BE65E1DED554900AD6075 /* DouYuZB */,
				182BE6721DED554900AD6075 /* DouYuZBTests */,
				182BE67D1DED554900AD6075 /* DouYuZBUITests */,
			);
		};
/* End PBXProject section */

/* Begin PBXResourcesBuildPhase section */
		182BE65D1DED554900AD6075 /* Resources */ = {
			isa = PBXResourcesBuildPhase;
			buildActionMask = 2147483647;
			files = (
				182BE66D1DED554900AD6075 /* LaunchScreen.storyboard in Resources */,
				182BE66A1DED554900AD6075 /* Assets.xcassets in Resources */,
				182BE6681DED554900AD6075 /* Main.storyboard in Resources */,
				182BE69F1DED72D600AD6075 /* Live.storyboard in Resources */,
				182BE69C1DED726200AD6075 /* Home.storyboard in Resources */,
				182BE6A21DED72F000AD6075 /* Follow.storyboard in Resources */,
				182BE6A51DED730E00AD6075 /* My.storyboard in Resources */,
			);
			runOnlyForDeploymentPostprocessing = 0;
		};
		182BE6711DED554900AD6075 /* Resources */ = {
			isa = PBXResourcesBuildPhase;
			buildActionMask = 2147483647;
			files = (
			);
			runOnlyForDeploymentPostprocessing = 0;
		};
		182BE67C1DED554900AD6075 /* Resources */ = {
			isa = PBXResourcesBuildPhase;
			buildActionMask = 2147483647;
			files = (
			);
			runOnlyForDeploymentPostprocessing = 0;
		};
/* End PBXResourcesBuildPhase section */

/* Begin PBXSourcesBuildPhase section */
		182BE65B1DED554900AD6075 /* Sources */ = {
			isa = PBXSourcesBuildPhase;
			buildActionMask = 2147483647;
			files = (
				182BE6631DED554900AD6075 /* AppDelegate.swift in Sources */,
				182BE6A71DED744200AD6075 /* MainViewController.swift in Sources */,
			);
			runOnlyForDeploymentPostprocessing = 0;
		};
		182BE66F1DED554900AD6075 /* Sources */ = {
			isa = PBXSourcesBuildPhase;
			buildActionMask = 2147483647;
			files = (
				182BE6781DED554900AD6075 /* DouYuZBTests.swift in Sources */,
			);
			runOnlyForDeploymentPostprocessing = 0;
		};
		182BE67A1DED554900AD6075 /* Sources */ = {
			isa = PBXSourcesBuildPhase;
			buildActionMask = 2147483647;
			files = (
				182BE6831DED554900AD6075 /* DouYuZBUITests.swift in Sources */,
			);
			runOnlyForDeploymentPostprocessing = 0;
		};
/* End PBXSourcesBuildPhase section */

/* Begin PBXTargetDependency section */
		182BE6751DED554900AD6075 /* PBXTargetDependency */ = {
			isa = PBXTargetDependency;
			target = 182BE65E1DED554900AD6075 /* DouYuZB */;
			targetProxy = 182BE6741DED554900AD6075 /* PBXContainerItemProxy */;
		};
		182BE6801DED554900AD6075 /* PBXTargetDependency */ = {
			isa = PBXTargetDependency;
			target = 182BE65E1DED554900AD6075 /* DouYuZB */;
			targetProxy = 182BE67F1DED554900AD6075 /* PBXContainerItemProxy */;
		};
/* End PBXTargetDependency section */

/* Begin PBXVariantGroup section */
		182BE6661DED554900AD6075 /* Main.storyboard */ = {
			isa = PBXVariantGroup;
			children = (
				182BE6671DED554900AD6075 /* Base */,
			);
			name = Main.storyboard;
			path = ../..;
			sourceTree = "<group>";
		};
		182BE66B1DED554900AD6075 /* LaunchScreen.storyboard */ = {
			isa = PBXVariantGroup;
			children = (
				182BE66C1DED554900AD6075 /* Base */,
			);
			name = LaunchScreen.storyboard;
			sourceTree = "<group>";
		};
		182BE69A1DED726200AD6075 /* Home.storyboard */ = {
			isa = PBXVariantGroup;
			children = (
				182BE69B1DED726200AD6075 /* Base */,
			);
			name = Home.storyboard;
			path = ../Main;
			sourceTree = "<group>";
		};
		182BE69D1DED72D600AD6075 /* Live.storyboard */ = {
			isa = PBXVariantGroup;
			children = (
				182BE69E1DED72D600AD6075 /* Base */,
			);
			name = Live.storyboard;
			path = ../Main;
			sourceTree = "<group>";
		};
		182BE6A01DED72F000AD6075 /* Follow.storyboard */ = {
			isa = PBXVariantGroup;
			children = (
				182BE6A11DED72F000AD6075 /* Base */,
			);
			name = Follow.storyboard;
			path = ../Main;
			sourceTree = "<group>";
		};
		182BE6A31DED730E00AD6075 /* My.storyboard */ = {
			isa = PBXVariantGroup;
			children = (
				182BE6A41DED730E00AD6075 /* Base */,
			);
			name = My.storyboard;
			path = ../Main;
			sourceTree = "<group>";
		};
/* End PBXVariantGroup section */

/* Begin XCBuildConfiguration section */
		182BE6851DED554900AD6075 /* Debug */ = {
			isa = XCBuildConfiguration;
			buildSettings = {
				ALWAYS_SEARCH_USER_PATHS = NO;
				CLANG_ANALYZER_NONNULL = YES;
				CLANG_CXX_LANGUAGE_STANDARD = "gnu++0x";
				CLANG_CXX_LIBRARY = "libc++";
				CLANG_ENABLE_MODULES = YES;
				CLANG_ENABLE_OBJC_ARC = YES;
				CLANG_WARN_BOOL_CONVERSION = YES;
				CLANG_WARN_CONSTANT_CONVERSION = YES;
				CLANG_WARN_DIRECT_OBJC_ISA_USAGE = YES_ERROR;
				CLANG_WARN_DOCUMENTATION_COMMENTS = YES;
				CLANG_WARN_EMPTY_BODY = YES;
				CLANG_WARN_ENUM_CONVERSION = YES;
				CLANG_WARN_INFINITE_RECURSION = YES;
				CLANG_WARN_INT_CONVERSION = YES;
				CLANG_WARN_OBJC_ROOT_CLASS = YES_ERROR;
				CLANG_WARN_SUSPICIOUS_MOVES = YES;
				CLANG_WARN_UNREACHABLE_CODE = YES;
				CLANG_WARN__DUPLICATE_METHOD_MATCH = YES;
				"CODE_SIGN_IDENTITY[sdk=iphoneos*]" = "iPhone Developer";
				COPY_PHASE_STRIP = NO;
				DEBUG_INFORMATION_FORMAT = dwarf;
				ENABLE_STRICT_OBJC_MSGSEND = YES;
				ENABLE_TESTABILITY = YES;
				GCC_C_LANGUAGE_STANDARD = gnu99;
				GCC_DYNAMIC_NO_PIC = NO;
				GCC_NO_COMMON_BLOCKS = YES;
				GCC_OPTIMIZATION_LEVEL = 0;
				GCC_PREPROCESSOR_DEFINITIONS = (
					"DEBUG=1",
					"$(inherited)",
				);
				GCC_WARN_64_TO_32_BIT_CONVERSION = YES;
				GCC_WARN_ABOUT_RETURN_TYPE = YES_ERROR;
				GCC_WARN_UNDECLARED_SELECTOR = YES;
				GCC_WARN_UNINITIALIZED_AUTOS = YES_AGGRESSIVE;
				GCC_WARN_UNUSED_FUNCTION = YES;
				GCC_WARN_UNUSED_VARIABLE = YES;
				IPHONEOS_DEPLOYMENT_TARGET = 10.1;
				MTL_ENABLE_DEBUG_INFO = YES;
				ONLY_ACTIVE_ARCH = YES;
				SDKROOT = iphoneos;
				SWIFT_ACTIVE_COMPILATION_CONDITIONS = DEBUG;
				SWIFT_OPTIMIZATION_LEVEL = "-Onone";
			};
			name = Debug;
		};
		182BE6861DED554900AD6075 /* Release */ = {
			isa = XCBuildConfiguration;
			buildSettings = {
				ALWAYS_SEARCH_USER_PATHS = NO;
				CLANG_ANALYZER_NONNULL = YES;
				CLANG_CXX_LANGUAGE_STANDARD = "gnu++0x";
				CLANG_CXX_LIBRARY = "libc++";
				CLANG_ENABLE_MODULES = YES;
				CLANG_ENABLE_OBJC_ARC = YES;
				CLANG_WARN_BOOL_CONVERSION = YES;
				CLANG_WARN_CONSTANT_CONVERSION = YES;
				CLANG_WARN_DIRECT_OBJC_ISA_USAGE = YES_ERROR;
				CLANG_WARN_DOCUMENTATION_COMMENTS = YES;
				CLANG_WARN_EMPTY_BODY = YES;
				CLANG_WARN_ENUM_CONVERSION = YES;
				CLANG_WARN_INFINITE_RECURSION = YES;
				CLANG_WARN_INT_CONVERSION = YES;
				CLANG_WARN_OBJC_ROOT_CLASS = YES_ERROR;
				CLANG_WARN_SUSPICIOUS_MOVES = YES;
				CLANG_WARN_UNREACHABLE_CODE = YES;
				CLANG_WARN__DUPLICATE_METHOD_MATCH = YES;
				"CODE_SIGN_IDENTITY[sdk=iphoneos*]" = "iPhone Developer";
				COPY_PHASE_STRIP = NO;
				DEBUG_INFORMATION_FORMAT = "dwarf-with-dsym";
				ENABLE_NS_ASSERTIONS = NO;
				ENABLE_STRICT_OBJC_MSGSEND = YES;
				GCC_C_LANGUAGE_STANDARD = gnu99;
				GCC_NO_COMMON_BLOCKS = YES;
				GCC_WARN_64_TO_32_BIT_CONVERSION = YES;
				GCC_WARN_ABOUT_RETURN_TYPE = YES_ERROR;
				GCC_WARN_UNDECLARED_SELECTOR = YES;
				GCC_WARN_UNINITIALIZED_AUTOS = YES_AGGRESSIVE;
				GCC_WARN_UNUSED_FUNCTION = YES;
				GCC_WARN_UNUSED_VARIABLE = YES;
				IPHONEOS_DEPLOYMENT_TARGET = 10.1;
				MTL_ENABLE_DEBUG_INFO = NO;
				SDKROOT = iphoneos;
				SWIFT_OPTIMIZATION_LEVEL = "-Owholemodule";
				VALIDATE_PRODUCT = YES;
			};
			name = Release;
		};
		182BE6881DED554900AD6075 /* Debug */ = {
			isa = XCBuildConfiguration;
			buildSettings = {
				ASSETCATALOG_COMPILER_APPICON_NAME = AppIcon;
				ASSETCATALOG_COMPILER_LAUNCHIMAGE_NAME = LaunchImage;
				DEVELOPMENT_TEAM = B4W3K95927;
				INFOPLIST_FILE = DouYuZB/Info.plist;
				IPHONEOS_DEPLOYMENT_TARGET = 8.0;
				LD_RUNPATH_SEARCH_PATHS = "$(inherited) @executable_path/Frameworks";
				PRODUCT_BUNDLE_IDENTIFIER = chending.DouYuZB;
				PRODUCT_NAME = "$(TARGET_NAME)";
				SWIFT_VERSION = 3.0;
			};
			name = Debug;
		};
		182BE6891DED554900AD6075 /* Release */ = {
			isa = XCBuildConfiguration;
			buildSettings = {
				ASSETCATALOG_COMPILER_APPICON_NAME = AppIcon;
				ASSETCATALOG_COMPILER_LAUNCHIMAGE_NAME = LaunchImage;
				DEVELOPMENT_TEAM = B4W3K95927;
				INFOPLIST_FILE = DouYuZB/Info.plist;
				IPHONEOS_DEPLOYMENT_TARGET = 8.0;
				LD_RUNPATH_SEARCH_PATHS = "$(inherited) @executable_path/Frameworks";
				PRODUCT_BUNDLE_IDENTIFIER = chending.DouYuZB;
				PRODUCT_NAME = "$(TARGET_NAME)";
				SWIFT_VERSION = 3.0;
			};
			name = Release;
		};
		182BE68B1DED554900AD6075 /* Debug */ = {
			isa = XCBuildConfiguration;
			buildSettings = {
				ALWAYS_EMBED_SWIFT_STANDARD_LIBRARIES = YES;
				BUNDLE_LOADER = "$(TEST_HOST)";
				DEVELOPMENT_TEAM = B4W3K95927;
				INFOPLIST_FILE = DouYuZBTests/Info.plist;
				LD_RUNPATH_SEARCH_PATHS = "$(inherited) @executable_path/Frameworks @loader_path/Frameworks";
				PRODUCT_BUNDLE_IDENTIFIER = chending.DouYuZBTests;
				PRODUCT_NAME = "$(TARGET_NAME)";
				SWIFT_VERSION = 3.0;
				TEST_HOST = "$(BUILT_PRODUCTS_DIR)/DouYuZB.app/DouYuZB";
			};
			name = Debug;
		};
		182BE68C1DED554900AD6075 /* Release */ = {
			isa = XCBuildConfiguration;
			buildSettings = {
				ALWAYS_EMBED_SWIFT_STANDARD_LIBRARIES = YES;
				BUNDLE_LOADER = "$(TEST_HOST)";
				DEVELOPMENT_TEAM = B4W3K95927;
				INFOPLIST_FILE = DouYuZBTests/Info.plist;
				LD_RUNPATH_SEARCH_PATHS = "$(inherited) @executable_path/Frameworks @loader_path/Frameworks";
				PRODUCT_BUNDLE_IDENTIFIER = chending.DouYuZBTests;
				PRODUCT_NAME = "$(TARGET_NAME)";
				SWIFT_VERSION = 3.0;
				TEST_HOST = "$(BUILT_PRODUCTS_DIR)/DouYuZB.app/DouYuZB";
			};
			name = Release;
		};
		182BE68E1DED554900AD6075 /* Debug */ = {
			isa = XCBuildConfiguration;
			buildSettings = {
				ALWAYS_EMBED_SWIFT_STANDARD_LIBRARIES = YES;
				DEVELOPMENT_TEAM = B4W3K95927;
				INFOPLIST_FILE = DouYuZBUITests/Info.plist;
				LD_RUNPATH_SEARCH_PATHS = "$(inherited) @executable_path/Frameworks @loader_path/Frameworks";
				PRODUCT_BUNDLE_IDENTIFIER = chending.DouYuZBUITests;
				PRODUCT_NAME = "$(TARGET_NAME)";
				SWIFT_VERSION = 3.0;
				TEST_TARGET_NAME = DouYuZB;
			};
			name = Debug;
		};
		182BE68F1DED554900AD6075 /* Release */ = {
			isa = XCBuildConfiguration;
			buildSettings = {
				ALWAYS_EMBED_SWIFT_STANDARD_LIBRARIES = YES;
				DEVELOPMENT_TEAM = B4W3K95927;
				INFOPLIST_FILE = DouYuZBUITests/Info.plist;
				LD_RUNPATH_SEARCH_PATHS = "$(inherited) @executable_path/Frameworks @loader_path/Frameworks";
				PRODUCT_BUNDLE_IDENTIFIER = chending.DouYuZBUITests;
				PRODUCT_NAME = "$(TARGET_NAME)";
				SWIFT_VERSION = 3.0;
				TEST_TARGET_NAME = DouYuZB;
			};
			name = Release;
		};
/* End XCBuildConfiguration section */

/* Begin XCConfigurationList section */
		182BE65A1DED554900AD6075 /* Build configuration list for PBXProject "DouYuZB" */ = {
			isa = XCConfigurationList;
			buildConfigurations = (
				182BE6851DED554900AD6075 /* Debug */,
				182BE6861DED554900AD6075 /* Release */,
			);
			defaultConfigurationIsVisible = 0;
			defaultConfigurationName = Release;
		};
		182BE6871DED554900AD6075 /* Build configuration list for PBXNativeTarget "DouYuZB" */ = {
			isa = XCConfigurationList;
			buildConfigurations = (
				182BE6881DED554900AD6075 /* Debug */,
				182BE6891DED554900AD6075 /* Release */,
			);
			defaultConfigurationIsVisible = 0;
			defaultConfigurationName = Release;
		};
		182BE68A1DED554900AD6075 /* Build configuration list for PBXNativeTarget "DouYuZBTests" */ = {
			isa = XCConfigurationList;
			buildConfigurations = (
				182BE68B1DED554900AD6075 /* Debug */,
				182BE68C1DED554900AD6075 /* Release */,
			);
			defaultConfigurationIsVisible = 0;
			defaultConfigurationName = Release;
		};
		182BE68D1DED554900AD6075 /* Build configuration list for PBXNativeTarget "DouYuZBUITests" */ = {
			isa = XCConfigurationList;
			buildConfigurations = (
				182BE68E1DED554900AD6075 /* Debug */,
				182BE68F1DED554900AD6075 /* Release */,
			);
			defaultConfigurationIsVisible = 0;
			defaultConfigurationName = Release;
		};
/* End XCConfigurationList section */
	};
	rootObject = 182BE6571DED554800AD6075 /* Project object */;
}
